
Microsoft Visual Studio Solution File, Format Version 12.00
# Visual Studio 15
VisualStudioVersion = 15.0.27130.2036
MinimumVisualStudioVersion = 10.0.40219.1
Project("{9A19103F-16F7-4668-BE54-9A1E7A4F7556}") = "Sds.MetadataStorage.WebApi", "Sds.MetadataStorage.WebApi\Sds.MetadataStorage.WebApi.csproj", "{C08380E0-09F3-44ED-B702-E7EF11952ADE}"
EndProject
Project("{9A19103F-16F7-4668-BE54-9A1E7A4F7556}") = "Sds.MetadataStorage.Processing", "Sds.MetadataStorage.Processing\Sds.MetadataStorage.Processing.csproj", "{455617E9-6F65-4852-B7E9-457430AD9D80}"
EndProject
Project("{9A19103F-16F7-4668-BE54-9A1E7A4F7556}") = "Sds.MetadataStorage.Domain", "Sds.MetadataStorage.Domain\Sds.MetadataStorage.Domain.csproj", "{95BF7F9C-5A01-49B0-98DD-D5234E6BE291}"
EndProject
Project("{FAE04EC0-301F-11D3-BF4B-00C04F79EFBC}") = "Sds.MetadataStorage.Tests", "Sds.MetadataStorage.Tests\Sds.MetadataStorage.Tests.csproj", "{A36B10DF-6053-4B6F-B01E-B284A239063D}"
EndProject
Global
	GlobalSection(SolutionConfigurationPlatforms) = preSolution
		Debug|Any CPU = Debug|Any CPU
		Release|Any CPU = Release|Any CPU
	EndGlobalSection
	GlobalSection(ProjectConfigurationPlatforms) = postSolution
		{C08380E0-09F3-44ED-B702-E7EF11952ADE}.Debug|Any CPU.ActiveCfg = Debug|Any CPU
		{C08380E0-09F3-44ED-B702-E7EF11952ADE}.Debug|Any CPU.Build.0 = Debug|Any CPU
		{C08380E0-09F3-44ED-B702-E7EF11952ADE}.Release|Any CPU.ActiveCfg = Release|Any CPU
		{C08380E0-09F3-44ED-B702-E7EF11952ADE}.Release|Any CPU.Build.0 = Release|Any CPU
		{455617E9-6F65-4852-B7E9-457430AD9D80}.Debug|Any CPU.ActiveCfg = Debug|Any CPU
		{455617E9-6F65-4852-B7E9-457430AD9D80}.Debug|Any CPU.Build.0 = Debug|Any CPU
		{455617E9-6F65-4852-B7E9-457430AD9D80}.Release|Any CPU.ActiveCfg = Release|Any CPU
		{455617E9-6F65-4852-B7E9-457430AD9D80}.Release|Any CPU.Build.0 = Release|Any CPU
		{95BF7F9C-5A01-49B0-98DD-D5234E6BE291}.Debug|Any CPU.ActiveCfg = Debug|Any CPU
		{95BF7F9C-5A01-49B0-98DD-D5234E6BE291}.Debug|Any CPU.Build.0 = Debug|Any CPU
		{95BF7F9C-5A01-49B0-98DD-D5234E6BE291}.Release|Any CPU.ActiveCfg = Release|Any CPU
		{95BF7F9C-5A01-49B0-98DD-D5234E6BE291}.Release|Any CPU.Build.0 = Release|Any CPU
		{A36B10DF-6053-4B6F-B01E-B284A239063D}.Debug|Any CPU.ActiveCfg = Debug|Any CPU
		{A36B10DF-6053-4B6F-B01E-B284A239063D}.Debug|Any CPU.Build.0 = Debug|Any CPU
		{A36B10DF-6053-4B6F-B01E-B284A239063D}.Release|Any CPU.ActiveCfg = Release|Any CPU
		{A36B10DF-6053-4B6F-B01E-B284A239063D}.Release|Any CPU.Build.0 = Release|Any CPU
	EndGlobalSection
	GlobalSection(SolutionProperties) = preSolution
		HideSolutionNode = FALSE
	EndGlobalSection
	GlobalSection(ExtensibilityGlobals) = postSolution
		SolutionGuid = {E997434D-F713-4F87-B845-5DA921D67C1F}
	EndGlobalSection
EndGlobal
