
Microsoft Visual Studio Solution File, Format Version 12.00
# Visual Studio 15
VisualStudioVersion = 15.0.27004.2009
MinimumVisualStudioVersion = 10.0.40219.1
Project("{9A19103F-16F7-4668-BE54-9A1E7A4F7556}") = "Sds.ChemicalFileParser.Domain", "Sds.ChemicalFileParser.Domain\Sds.ChemicalFileParser.Domain.csproj", "{47DFC496-DAD9-4EEA-BF15-EA45A06AE364}"
EndProject
Project("{FAE04EC0-301F-11D3-BF4B-00C04F79EFBC}") = "Sds.ChemicalFileParser.Processing", "Sds.ChemicalFileParser.Processing\Sds.ChemicalFileParser.Processing.csproj", "{4C061B7A-A2EE-4D7B-ADFE-39872C0EB83D}"
EndProject
Project("{FAE04EC0-301F-11D3-BF4B-00C04F79EFBC}") = "Sds.ChemicalFileParser.Tests", "Sds.ChemicalFileParser.Tests\Sds.ChemicalFileParser.Tests.csproj", "{C9C7BA08-C5D5-4571-8482-D8D4673A4244}"
EndProject
Global
	GlobalSection(SolutionConfigurationPlatforms) = preSolution
		Debug|Any CPU = Debug|Any CPU
		Release|Any CPU = Release|Any CPU
	EndGlobalSection
	GlobalSection(ProjectConfigurationPlatforms) = postSolution
		{47DFC496-DAD9-4EEA-BF15-EA45A06AE364}.Debug|Any CPU.ActiveCfg = Debug|Any CPU
		{47DFC496-DAD9-4EEA-BF15-EA45A06AE364}.Debug|Any CPU.Build.0 = Debug|Any CPU
		{47DFC496-DAD9-4EEA-BF15-EA45A06AE364}.Release|Any CPU.ActiveCfg = Release|Any CPU
		{47DFC496-DAD9-4EEA-BF15-EA45A06AE364}.Release|Any CPU.Build.0 = Release|Any CPU
		{4C061B7A-A2EE-4D7B-ADFE-39872C0EB83D}.Debug|Any CPU.ActiveCfg = Debug|Any CPU
		{4C061B7A-A2EE-4D7B-ADFE-39872C0EB83D}.Debug|Any CPU.Build.0 = Debug|Any CPU
		{4C061B7A-A2EE-4D7B-ADFE-39872C0EB83D}.Release|Any CPU.ActiveCfg = Release|Any CPU
		{C9C7BA08-C5D5-4571-8482-D8D4673A4244}.Debug|Any CPU.ActiveCfg = Debug|Any CPU
		{C9C7BA08-C5D5-4571-8482-D8D4673A4244}.Debug|Any CPU.Build.0 = Debug|Any CPU
		{C9C7BA08-C5D5-4571-8482-D8D4673A4244}.Release|Any CPU.ActiveCfg = Release|Any CPU
	EndGlobalSection
	GlobalSection(SolutionProperties) = preSolution
		HideSolutionNode = FALSE
	EndGlobalSection
	GlobalSection(ExtensibilityGlobals) = postSolution
		SolutionGuid = {7CA09B6C-DBB8-4D40-BBC9-D22526FF2B2B}
	EndGlobalSection
EndGlobal
