
Microsoft Visual Studio Solution File, Format Version 12.00
# Visual Studio 15
VisualStudioVersion = 15.0.27004.2009
MinimumVisualStudioVersion = 10.0.40219.1
Project("{9A19103F-16F7-4668-BE54-9A1E7A4F7556}") = "Sds.Osdr.WebApi", "Sds.Osdr.WebApi\Sds.Osdr.WebApi.csproj", "{62DE1470-069F-4DA5-A270-C20E54CC2261}"
EndProject
Project("{9A19103F-16F7-4668-BE54-9A1E7A4F7556}") = "Sds.Osdr.Domain", "Sds.Osdr.Domain\Sds.Osdr.Domain.csproj", "{68E3FAE0-367F-4352-87B4-47D028325F2B}"
EndProject
Project("{9A19103F-16F7-4668-BE54-9A1E7A4F7556}") = "Sds.Osdr.Persistence", "Sds.Osdr.Persistence\Sds.Osdr.Persistence.csproj", "{1C934CC8-5255-48A5-AEBE-2EF3799C723C}"
EndProject
Project("{9A19103F-16F7-4668-BE54-9A1E7A4F7556}") = "Sds.Osdr.Domain.BackEnd", "Sds.Osdr.Domain.BackEnd\Sds.Osdr.Domain.BackEnd.csproj", "{2A1BEEB8-10D4-4DB5-9BA8-8414FC151F21}"
EndProject
Project("{9A19103F-16F7-4668-BE54-9A1E7A4F7556}") = "Sds.Osdr.Domain.FrontEnd", "Sds.Osdr.Domain.FrontEnd\Sds.Osdr.Domain.FrontEnd.csproj", "{B40B325F-8319-4F44-A395-E388B45B95E9}"
EndProject
Project("{9A19103F-16F7-4668-BE54-9A1E7A4F7556}") = "Sds.Osdr.Domain.BddTests", "Sds.Osdr.Domain.BddTests\Sds.Osdr.Domain.BddTests.csproj", "{9B62A507-673B-47B8-8493-3BCF0C3B71C3}"
EndProject
Project("{9A19103F-16F7-4668-BE54-9A1E7A4F7556}") = "Sds.Osdr.Domain.SagaHost", "Sds.Osdr.Domain.SagaHost\Sds.Osdr.Domain.SagaHost.csproj", "{3C69E83A-3058-4DBD-9E8B-E0600848B7E0}"
EndProject
Project("{9A19103F-16F7-4668-BE54-9A1E7A4F7556}") = "Sds.Osdr.Chemicals", "Sds.Osdr.Chemicals\Sds.Osdr.Chemicals.csproj", "{7B4413F1-E833-4E35-99A2-3A03FF0051A0}"
EndProject
Project("{9A19103F-16F7-4668-BE54-9A1E7A4F7556}") = "Sds.Osdr.Infrastructure", "Sds.Osdr.Infrastructure\Sds.Osdr.Infrastructure.csproj", "{B46468D1-7636-4E47-9C44-AC91DF0F6646}"
EndProject
Project("{9A19103F-16F7-4668-BE54-9A1E7A4F7556}") = "Sds.Osdr.Crystals", "Sds.Osdr.Crystals\Sds.Osdr.Crystals.csproj", "{36763531-6EF0-4549-8C59-6E1084D3DD03}"
EndProject
Project("{9A19103F-16F7-4668-BE54-9A1E7A4F7556}") = "Sds.Osdr.Reactions", "Sds.Osdr.Reactions\Sds.Osdr.Reactions.csproj", "{2479802D-5A81-44C8-9374-832053D7259A}"
EndProject
Project("{2150E333-8FDC-42A3-9474-1A3956D46DE8}") = "Modules", "Modules", "{A31B3DFD-691D-4C71-ACC5-E404C182697F}"
EndProject
Project("{9A19103F-16F7-4668-BE54-9A1E7A4F7556}") = "Sds.Osdr.Spectra", "Sds.Osdr.Spectra\Sds.Osdr.Spectra.csproj", "{A587A555-DF76-4040-970D-CD0DE82B6620}"
EndProject
Project("{9A19103F-16F7-4668-BE54-9A1E7A4F7556}") = "Sds.Osdr.Pdf", "Sds.Osdr.Pdf\Sds.Osdr.Pdf.csproj", "{8A5D8D49-8BD0-480E-A152-135BFAB750A4}"
EndProject
Project("{9A19103F-16F7-4668-BE54-9A1E7A4F7556}") = "Sds.Osdr.Images", "Sds.Osdr.Image\Sds.Osdr.Images.csproj", "{D90F7AF4-781F-413D-8CD0-2EEC736E2074}"
EndProject
Project("{9A19103F-16F7-4668-BE54-9A1E7A4F7556}") = "Sds.Osdr.Office", "Sds.Osdr.Office\Sds.Osdr.Office.csproj", "{1130F965-9CD1-41CF-8A0D-99A3E7DA4246}"
EndProject
Project("{9A19103F-16F7-4668-BE54-9A1E7A4F7556}") = "Sds.Osdr.Tabular", "Sds.Osdr.Tabular\Sds.Osdr.Tabular.csproj", "{FFF2493F-FC7E-48E8-B467-481B3B6326CF}"
EndProject
Project("{9A19103F-16F7-4668-BE54-9A1E7A4F7556}") = "Sds.Osdr.MachineLearning", "Sds.Osdr.MachineLearning\Sds.Osdr.MachineLearning.csproj", "{4332EC87-59AC-49D7-8BDE-AC223B825FD5}"
EndProject
Project("{9A19103F-16F7-4668-BE54-9A1E7A4F7556}") = "Sds.Osdr.WebPage", "Sds.Osdr.WebPage\Sds.Osdr.WebPage.csproj", "{2997550E-C5B5-4CD0-9EBD-02EA1040E705}"
EndProject
Project("{9A19103F-16F7-4668-BE54-9A1E7A4F7556}") = "Sds.Osdr.RecordsFile", "Sds.Osdr.RecordsFile\Sds.Osdr.RecordsFile.csproj", "{4FCB7325-71AB-4DF8-9A74-FF80BC4237EE}"
EndProject
Project("{9A19103F-16F7-4668-BE54-9A1E7A4F7556}") = "Sds.Osdr.Generic", "Sds.Osdr.Generic\Sds.Osdr.Generic.csproj", "{CDB871C2-A0DA-4237-8C82-C5DDA928FF92}"
EndProject
Project("{9A19103F-16F7-4668-BE54-9A1E7A4F7556}") = "Sds.Osdr.Counters", "Sds.Osdr.Counters\Sds.Osdr.Counters.csproj", "{B16ED668-D36C-4528-AAE0-D6BA388C65E8}"
EndProject
Project("{9A19103F-16F7-4668-BE54-9A1E7A4F7556}") = "Sds.Osdr.IntegrationTests", "Sds.Osdr.IntegrationTests\Sds.Osdr.IntegrationTests.csproj", "{A4B2F5F6-FCDE-4F9F-81C8-026531B87614}"
EndProject
Project("{9A19103F-16F7-4668-BE54-9A1E7A4F7556}") = "Sds.Osdr.WebApi.IntegrationTests", "Sds.Osdr.WebApi.IntegrationTests\Sds.Osdr.WebApi.IntegrationTests.csproj", "{A35262F5-BB2C-4EB6-9F65-612E2E052405}"
EndProject
Global
	GlobalSection(SolutionConfigurationPlatforms) = preSolution
		Debug|Any CPU = Debug|Any CPU
		Release|Any CPU = Release|Any CPU
	EndGlobalSection
	GlobalSection(ProjectConfigurationPlatforms) = postSolution
		{62DE1470-069F-4DA5-A270-C20E54CC2261}.Debug|Any CPU.ActiveCfg = Debug|Any CPU
		{62DE1470-069F-4DA5-A270-C20E54CC2261}.Debug|Any CPU.Build.0 = Debug|Any CPU
		{62DE1470-069F-4DA5-A270-C20E54CC2261}.Release|Any CPU.ActiveCfg = Release|Any CPU
		{62DE1470-069F-4DA5-A270-C20E54CC2261}.Release|Any CPU.Build.0 = Release|Any CPU
		{68E3FAE0-367F-4352-87B4-47D028325F2B}.Debug|Any CPU.ActiveCfg = Debug|Any CPU
		{68E3FAE0-367F-4352-87B4-47D028325F2B}.Debug|Any CPU.Build.0 = Debug|Any CPU
		{68E3FAE0-367F-4352-87B4-47D028325F2B}.Release|Any CPU.ActiveCfg = Release|Any CPU
		{68E3FAE0-367F-4352-87B4-47D028325F2B}.Release|Any CPU.Build.0 = Release|Any CPU
		{1C934CC8-5255-48A5-AEBE-2EF3799C723C}.Debug|Any CPU.ActiveCfg = Debug|Any CPU
		{1C934CC8-5255-48A5-AEBE-2EF3799C723C}.Debug|Any CPU.Build.0 = Debug|Any CPU
		{1C934CC8-5255-48A5-AEBE-2EF3799C723C}.Release|Any CPU.ActiveCfg = Release|Any CPU
		{1C934CC8-5255-48A5-AEBE-2EF3799C723C}.Release|Any CPU.Build.0 = Release|Any CPU
		{2A1BEEB8-10D4-4DB5-9BA8-8414FC151F21}.Debug|Any CPU.ActiveCfg = Debug|Any CPU
		{2A1BEEB8-10D4-4DB5-9BA8-8414FC151F21}.Debug|Any CPU.Build.0 = Debug|Any CPU
		{2A1BEEB8-10D4-4DB5-9BA8-8414FC151F21}.Release|Any CPU.ActiveCfg = Release|Any CPU
		{2A1BEEB8-10D4-4DB5-9BA8-8414FC151F21}.Release|Any CPU.Build.0 = Release|Any CPU
		{B40B325F-8319-4F44-A395-E388B45B95E9}.Debug|Any CPU.ActiveCfg = Debug|Any CPU
		{B40B325F-8319-4F44-A395-E388B45B95E9}.Debug|Any CPU.Build.0 = Debug|Any CPU
		{B40B325F-8319-4F44-A395-E388B45B95E9}.Release|Any CPU.ActiveCfg = Release|Any CPU
		{B40B325F-8319-4F44-A395-E388B45B95E9}.Release|Any CPU.Build.0 = Release|Any CPU
		{9B62A507-673B-47B8-8493-3BCF0C3B71C3}.Debug|Any CPU.ActiveCfg = Debug|Any CPU
		{9B62A507-673B-47B8-8493-3BCF0C3B71C3}.Release|Any CPU.ActiveCfg = Release|Any CPU
		{9B62A507-673B-47B8-8493-3BCF0C3B71C3}.Release|Any CPU.Build.0 = Release|Any CPU
		{3C69E83A-3058-4DBD-9E8B-E0600848B7E0}.Debug|Any CPU.ActiveCfg = Debug|Any CPU
		{3C69E83A-3058-4DBD-9E8B-E0600848B7E0}.Debug|Any CPU.Build.0 = Debug|Any CPU
		{3C69E83A-3058-4DBD-9E8B-E0600848B7E0}.Release|Any CPU.ActiveCfg = Release|Any CPU
		{3C69E83A-3058-4DBD-9E8B-E0600848B7E0}.Release|Any CPU.Build.0 = Release|Any CPU
		{7B4413F1-E833-4E35-99A2-3A03FF0051A0}.Debug|Any CPU.ActiveCfg = Debug|Any CPU
		{7B4413F1-E833-4E35-99A2-3A03FF0051A0}.Debug|Any CPU.Build.0 = Debug|Any CPU
		{7B4413F1-E833-4E35-99A2-3A03FF0051A0}.Release|Any CPU.ActiveCfg = Release|Any CPU
		{7B4413F1-E833-4E35-99A2-3A03FF0051A0}.Release|Any CPU.Build.0 = Release|Any CPU
		{B46468D1-7636-4E47-9C44-AC91DF0F6646}.Debug|Any CPU.ActiveCfg = Debug|Any CPU
		{B46468D1-7636-4E47-9C44-AC91DF0F6646}.Debug|Any CPU.Build.0 = Debug|Any CPU
		{B46468D1-7636-4E47-9C44-AC91DF0F6646}.Release|Any CPU.ActiveCfg = Release|Any CPU
		{B46468D1-7636-4E47-9C44-AC91DF0F6646}.Release|Any CPU.Build.0 = Release|Any CPU
		{36763531-6EF0-4549-8C59-6E1084D3DD03}.Debug|Any CPU.ActiveCfg = Debug|Any CPU
		{36763531-6EF0-4549-8C59-6E1084D3DD03}.Debug|Any CPU.Build.0 = Debug|Any CPU
		{36763531-6EF0-4549-8C59-6E1084D3DD03}.Release|Any CPU.ActiveCfg = Release|Any CPU
		{36763531-6EF0-4549-8C59-6E1084D3DD03}.Release|Any CPU.Build.0 = Release|Any CPU
		{2479802D-5A81-44C8-9374-832053D7259A}.Debug|Any CPU.ActiveCfg = Debug|Any CPU
		{2479802D-5A81-44C8-9374-832053D7259A}.Debug|Any CPU.Build.0 = Debug|Any CPU
		{2479802D-5A81-44C8-9374-832053D7259A}.Release|Any CPU.ActiveCfg = Release|Any CPU
		{2479802D-5A81-44C8-9374-832053D7259A}.Release|Any CPU.Build.0 = Release|Any CPU
		{A587A555-DF76-4040-970D-CD0DE82B6620}.Debug|Any CPU.ActiveCfg = Debug|Any CPU
		{A587A555-DF76-4040-970D-CD0DE82B6620}.Debug|Any CPU.Build.0 = Debug|Any CPU
		{A587A555-DF76-4040-970D-CD0DE82B6620}.Release|Any CPU.ActiveCfg = Release|Any CPU
		{A587A555-DF76-4040-970D-CD0DE82B6620}.Release|Any CPU.Build.0 = Release|Any CPU
		{8A5D8D49-8BD0-480E-A152-135BFAB750A4}.Debug|Any CPU.ActiveCfg = Debug|Any CPU
		{8A5D8D49-8BD0-480E-A152-135BFAB750A4}.Debug|Any CPU.Build.0 = Debug|Any CPU
		{8A5D8D49-8BD0-480E-A152-135BFAB750A4}.Release|Any CPU.ActiveCfg = Release|Any CPU
		{8A5D8D49-8BD0-480E-A152-135BFAB750A4}.Release|Any CPU.Build.0 = Release|Any CPU
		{D90F7AF4-781F-413D-8CD0-2EEC736E2074}.Debug|Any CPU.ActiveCfg = Debug|Any CPU
		{D90F7AF4-781F-413D-8CD0-2EEC736E2074}.Debug|Any CPU.Build.0 = Debug|Any CPU
		{D90F7AF4-781F-413D-8CD0-2EEC736E2074}.Release|Any CPU.ActiveCfg = Release|Any CPU
		{D90F7AF4-781F-413D-8CD0-2EEC736E2074}.Release|Any CPU.Build.0 = Release|Any CPU
		{1130F965-9CD1-41CF-8A0D-99A3E7DA4246}.Debug|Any CPU.ActiveCfg = Debug|Any CPU
		{1130F965-9CD1-41CF-8A0D-99A3E7DA4246}.Debug|Any CPU.Build.0 = Debug|Any CPU
		{1130F965-9CD1-41CF-8A0D-99A3E7DA4246}.Release|Any CPU.ActiveCfg = Release|Any CPU
		{1130F965-9CD1-41CF-8A0D-99A3E7DA4246}.Release|Any CPU.Build.0 = Release|Any CPU
		{FFF2493F-FC7E-48E8-B467-481B3B6326CF}.Debug|Any CPU.ActiveCfg = Debug|Any CPU
		{FFF2493F-FC7E-48E8-B467-481B3B6326CF}.Debug|Any CPU.Build.0 = Debug|Any CPU
		{FFF2493F-FC7E-48E8-B467-481B3B6326CF}.Release|Any CPU.ActiveCfg = Release|Any CPU
		{FFF2493F-FC7E-48E8-B467-481B3B6326CF}.Release|Any CPU.Build.0 = Release|Any CPU
		{4332EC87-59AC-49D7-8BDE-AC223B825FD5}.Debug|Any CPU.ActiveCfg = Debug|Any CPU
		{4332EC87-59AC-49D7-8BDE-AC223B825FD5}.Debug|Any CPU.Build.0 = Debug|Any CPU
		{4332EC87-59AC-49D7-8BDE-AC223B825FD5}.Release|Any CPU.ActiveCfg = Release|Any CPU
		{4332EC87-59AC-49D7-8BDE-AC223B825FD5}.Release|Any CPU.Build.0 = Release|Any CPU
		{2997550E-C5B5-4CD0-9EBD-02EA1040E705}.Debug|Any CPU.ActiveCfg = Debug|Any CPU
		{2997550E-C5B5-4CD0-9EBD-02EA1040E705}.Debug|Any CPU.Build.0 = Debug|Any CPU
		{2997550E-C5B5-4CD0-9EBD-02EA1040E705}.Release|Any CPU.ActiveCfg = Release|Any CPU
		{2997550E-C5B5-4CD0-9EBD-02EA1040E705}.Release|Any CPU.Build.0 = Release|Any CPU
		{4FCB7325-71AB-4DF8-9A74-FF80BC4237EE}.Debug|Any CPU.ActiveCfg = Debug|Any CPU
		{4FCB7325-71AB-4DF8-9A74-FF80BC4237EE}.Debug|Any CPU.Build.0 = Debug|Any CPU
		{4FCB7325-71AB-4DF8-9A74-FF80BC4237EE}.Release|Any CPU.ActiveCfg = Release|Any CPU
		{4FCB7325-71AB-4DF8-9A74-FF80BC4237EE}.Release|Any CPU.Build.0 = Release|Any CPU
		{CDB871C2-A0DA-4237-8C82-C5DDA928FF92}.Debug|Any CPU.ActiveCfg = Debug|Any CPU
		{CDB871C2-A0DA-4237-8C82-C5DDA928FF92}.Debug|Any CPU.Build.0 = Debug|Any CPU
		{CDB871C2-A0DA-4237-8C82-C5DDA928FF92}.Release|Any CPU.ActiveCfg = Release|Any CPU
		{CDB871C2-A0DA-4237-8C82-C5DDA928FF92}.Release|Any CPU.Build.0 = Release|Any CPU
		{B16ED668-D36C-4528-AAE0-D6BA388C65E8}.Debug|Any CPU.ActiveCfg = Debug|Any CPU
		{B16ED668-D36C-4528-AAE0-D6BA388C65E8}.Release|Any CPU.ActiveCfg = Release|Any CPU
		{A4B2F5F6-FCDE-4F9F-81C8-026531B87614}.Debug|Any CPU.ActiveCfg = Debug|Any CPU
		{A4B2F5F6-FCDE-4F9F-81C8-026531B87614}.Debug|Any CPU.Build.0 = Debug|Any CPU
		{A4B2F5F6-FCDE-4F9F-81C8-026531B87614}.Release|Any CPU.ActiveCfg = Release|Any CPU
		{A4B2F5F6-FCDE-4F9F-81C8-026531B87614}.Release|Any CPU.Build.0 = Release|Any CPU
		{A35262F5-BB2C-4EB6-9F65-612E2E052405}.Debug|Any CPU.ActiveCfg = Debug|Any CPU
		{A35262F5-BB2C-4EB6-9F65-612E2E052405}.Debug|Any CPU.Build.0 = Debug|Any CPU
		{A35262F5-BB2C-4EB6-9F65-612E2E052405}.Release|Any CPU.ActiveCfg = Release|Any CPU
		{A35262F5-BB2C-4EB6-9F65-612E2E052405}.Release|Any CPU.Build.0 = Release|Any CPU
	EndGlobalSection
	GlobalSection(SolutionProperties) = preSolution
		HideSolutionNode = FALSE
	EndGlobalSection
	GlobalSection(NestedProjects) = preSolution
		{7B4413F1-E833-4E35-99A2-3A03FF0051A0} = {A31B3DFD-691D-4C71-ACC5-E404C182697F}
		{36763531-6EF0-4549-8C59-6E1084D3DD03} = {A31B3DFD-691D-4C71-ACC5-E404C182697F}
		{2479802D-5A81-44C8-9374-832053D7259A} = {A31B3DFD-691D-4C71-ACC5-E404C182697F}
		{A587A555-DF76-4040-970D-CD0DE82B6620} = {A31B3DFD-691D-4C71-ACC5-E404C182697F}
		{8A5D8D49-8BD0-480E-A152-135BFAB750A4} = {A31B3DFD-691D-4C71-ACC5-E404C182697F}
		{D90F7AF4-781F-413D-8CD0-2EEC736E2074} = {A31B3DFD-691D-4C71-ACC5-E404C182697F}
		{1130F965-9CD1-41CF-8A0D-99A3E7DA4246} = {A31B3DFD-691D-4C71-ACC5-E404C182697F}
		{FFF2493F-FC7E-48E8-B467-481B3B6326CF} = {A31B3DFD-691D-4C71-ACC5-E404C182697F}
		{4332EC87-59AC-49D7-8BDE-AC223B825FD5} = {A31B3DFD-691D-4C71-ACC5-E404C182697F}
		{2997550E-C5B5-4CD0-9EBD-02EA1040E705} = {A31B3DFD-691D-4C71-ACC5-E404C182697F}
		{4FCB7325-71AB-4DF8-9A74-FF80BC4237EE} = {A31B3DFD-691D-4C71-ACC5-E404C182697F}
		{CDB871C2-A0DA-4237-8C82-C5DDA928FF92} = {A31B3DFD-691D-4C71-ACC5-E404C182697F}
		{B16ED668-D36C-4528-AAE0-D6BA388C65E8} = {A31B3DFD-691D-4C71-ACC5-E404C182697F}
	EndGlobalSection
	GlobalSection(ExtensibilityGlobals) = postSolution
		SolutionGuid = {A9717E96-83CC-4FA3-BFC4-B79F6D069442}
	EndGlobalSection
EndGlobal
