
Microsoft Visual Studio Solution File, Format Version 12.00
# Visual Studio 15
VisualStudioVersion = 15.0.27004.2009
MinimumVisualStudioVersion = 10.0.40219.1
Project("{9A19103F-16F7-4668-BE54-9A1E7A4F7556}") = "Sds.ChemicalProperties.WebApi", "Sds.ChemicalProperties.WebApi\Sds.ChemicalProperties.WebApi.csproj", "{B2E5B3F0-5A3A-4886-8706-CEC1D0490852}"
EndProject
Project("{9A19103F-16F7-4668-BE54-9A1E7A4F7556}") = "Sds.ChemicalProperties.Domain", "Sds.ChemicalProperties.Domain\Sds.ChemicalProperties.Domain.csproj", "{A31E91C4-BF66-4D1C-96F8-A976A4A9AA77}"
EndProject
Project("{FAE04EC0-301F-11D3-BF4B-00C04F79EFBC}") = "Sds.ChemicalProperties.Processing", "Sds.ChemicalProperties.Processing\Sds.ChemicalProperties.Processing.csproj", "{66A31E33-0BF7-4ACE-9BB6-0E8D10944EE3}"
EndProject
Project("{9A19103F-16F7-4668-BE54-9A1E7A4F7556}") = "Sds.ChemicalProperties.Persistence", "Sds.ChemicalProperties.Persistence\Sds.ChemicalProperties.Persistence.csproj", "{E973C165-C803-4B58-B6DB-6FA76C109627}"
EndProject
Project("{FAE04EC0-301F-11D3-BF4B-00C04F79EFBC}") = "Sds.ChemicalProperties.Tests", "Sds.ChemicalProperties.Tests\Sds.ChemicalProperties.Tests.csproj", "{2E3DF5C2-8A38-4A03-86D7-8D463C917E47}"
EndProject
Global
	GlobalSection(SolutionConfigurationPlatforms) = preSolution
		Debug|Any CPU = Debug|Any CPU
		Release|Any CPU = Release|Any CPU
	EndGlobalSection
	GlobalSection(ProjectConfigurationPlatforms) = postSolution
		{B2E5B3F0-5A3A-4886-8706-CEC1D0490852}.Debug|Any CPU.ActiveCfg = Debug|Any CPU
		{B2E5B3F0-5A3A-4886-8706-CEC1D0490852}.Release|Any CPU.ActiveCfg = Release|Any CPU
		{A31E91C4-BF66-4D1C-96F8-A976A4A9AA77}.Debug|Any CPU.ActiveCfg = Debug|Any CPU
		{A31E91C4-BF66-4D1C-96F8-A976A4A9AA77}.Debug|Any CPU.Build.0 = Debug|Any CPU
		{A31E91C4-BF66-4D1C-96F8-A976A4A9AA77}.Release|Any CPU.ActiveCfg = Release|Any CPU
		{A31E91C4-BF66-4D1C-96F8-A976A4A9AA77}.Release|Any CPU.Build.0 = Release|Any CPU
		{66A31E33-0BF7-4ACE-9BB6-0E8D10944EE3}.Debug|Any CPU.ActiveCfg = Debug|Any CPU
		{66A31E33-0BF7-4ACE-9BB6-0E8D10944EE3}.Debug|Any CPU.Build.0 = Debug|Any CPU
		{66A31E33-0BF7-4ACE-9BB6-0E8D10944EE3}.Release|Any CPU.ActiveCfg = Release|Any CPU
		{66A31E33-0BF7-4ACE-9BB6-0E8D10944EE3}.Release|Any CPU.Build.0 = Release|Any CPU
		{E973C165-C803-4B58-B6DB-6FA76C109627}.Debug|Any CPU.ActiveCfg = Debug|Any CPU
		{E973C165-C803-4B58-B6DB-6FA76C109627}.Debug|Any CPU.Build.0 = Debug|Any CPU
		{E973C165-C803-4B58-B6DB-6FA76C109627}.Release|Any CPU.ActiveCfg = Release|Any CPU
		{E973C165-C803-4B58-B6DB-6FA76C109627}.Release|Any CPU.Build.0 = Release|Any CPU
		{2E3DF5C2-8A38-4A03-86D7-8D463C917E47}.Debug|Any CPU.ActiveCfg = Debug|Any CPU
		{2E3DF5C2-8A38-4A03-86D7-8D463C917E47}.Debug|Any CPU.Build.0 = Debug|Any CPU
		{2E3DF5C2-8A38-4A03-86D7-8D463C917E47}.Release|Any CPU.ActiveCfg = Release|Any CPU
		{2E3DF5C2-8A38-4A03-86D7-8D463C917E47}.Release|Any CPU.Build.0 = Release|Any CPU
	EndGlobalSection
	GlobalSection(SolutionProperties) = preSolution
		HideSolutionNode = FALSE
	EndGlobalSection
	GlobalSection(ExtensibilityGlobals) = postSolution
		SolutionGuid = {44C5E16E-1114-4B58-8FCF-DB39E7115C0D}
	EndGlobalSection
EndGlobal
