
Microsoft Visual Studio Solution File, Format Version 12.00
# Visual Studio 15
VisualStudioVersion = 15.0.26730.15
MinimumVisualStudioVersion = 10.0.40219.1
Project("{FAE04EC0-301F-11D3-BF4B-00C04F79EFBC}") = "ReIndexing", "ReIndexing\ReIndexing.csproj", "{CD130471-F5FA-4FE9-9A03-5DB933A700F8}"
EndProject
Global
	GlobalSection(SolutionConfigurationPlatforms) = preSolution
		Debug|Any CPU = Debug|Any CPU
		Release|Any CPU = Release|Any CPU
	EndGlobalSection
	GlobalSection(ProjectConfigurationPlatforms) = postSolution
		{CD130471-F5FA-4FE9-9A03-5DB933A700F8}.Debug|Any CPU.ActiveCfg = Debug|Any CPU
		{CD130471-F5FA-4FE9-9A03-5DB933A700F8}.Debug|Any CPU.Build.0 = Debug|Any CPU
		{CD130471-F5FA-4FE9-9A03-5DB933A700F8}.Release|Any CPU.ActiveCfg = Release|Any CPU
		{CD130471-F5FA-4FE9-9A03-5DB933A700F8}.Release|Any CPU.Build.0 = Release|Any CPU
	EndGlobalSection
	GlobalSection(SolutionProperties) = preSolution
		HideSolutionNode = FALSE
	EndGlobalSection
	GlobalSection(ExtensibilityGlobals) = postSolution
		SolutionGuid = {0B86DA45-2EE0-4C52-99CE-745A0AAD213D}
	EndGlobalSection
EndGlobal
