
Microsoft Visual Studio Solution File, Format Version 12.00
# Visual Studio 15
VisualStudioVersion = 15.0.26730.16
MinimumVisualStudioVersion = 10.0.40219.1
Project("{9A19103F-16F7-4668-BE54-9A1E7A4F7556}") = "Sds.ChemicalExport.Domain", "Sds.ChemicalExport.Domain\Sds.ChemicalExport.Domain.csproj", "{29CD46EC-B0F4-407C-AF3D-E623CC3EF0BA}"
EndProject
Project("{FAE04EC0-301F-11D3-BF4B-00C04F79EFBC}") = "Sds.ChemicalExport.Processing", "Sds.ChemicalExport.Processing\Sds.ChemicalExport.Processing.csproj", "{120F728C-36FB-4A69-9B17-BE01A541BA47}"
EndProject
Project("{FAE04EC0-301F-11D3-BF4B-00C04F79EFBC}") = "Sds.ChemicalExport.FileRecordsProvider", "Sds.ChemicalExport.FileRecordsProvider\Sds.ChemicalExport.FileRecordsProvider.csproj", "{CED48D97-354D-4B3C-BCE2-E1701936795F}"
EndProject
Project("{FAE04EC0-301F-11D3-BF4B-00C04F79EFBC}") = "Sds.ChemicalExport.Tests", "Sds.ChemicalExport.Tests\Sds.ChemicalExport.Tests.csproj", "{C9C7BA08-C5D5-4571-8482-D8D4673A4244}"
EndProject
Global
	GlobalSection(SolutionConfigurationPlatforms) = preSolution
		Debug|Any CPU = Debug|Any CPU
		Release|Any CPU = Release|Any CPU
	EndGlobalSection
	GlobalSection(ProjectConfigurationPlatforms) = postSolution
		{29CD46EC-B0F4-407C-AF3D-E623CC3EF0BA}.Debug|Any CPU.ActiveCfg = Debug|Any CPU
		{29CD46EC-B0F4-407C-AF3D-E623CC3EF0BA}.Debug|Any CPU.Build.0 = Debug|Any CPU
		{29CD46EC-B0F4-407C-AF3D-E623CC3EF0BA}.Release|Any CPU.ActiveCfg = Release|Any CPU
		{29CD46EC-B0F4-407C-AF3D-E623CC3EF0BA}.Release|Any CPU.Build.0 = Release|Any CPU
		{120F728C-36FB-4A69-9B17-BE01A541BA47}.Debug|Any CPU.ActiveCfg = Debug|Any CPU
		{120F728C-36FB-4A69-9B17-BE01A541BA47}.Debug|Any CPU.Build.0 = Debug|Any CPU
		{120F728C-36FB-4A69-9B17-BE01A541BA47}.Release|Any CPU.ActiveCfg = Release|Any CPU
		{120F728C-36FB-4A69-9B17-BE01A541BA47}.Release|Any CPU.Build.0 = Release|Any CPU
		{CED48D97-354D-4B3C-BCE2-E1701936795F}.Debug|Any CPU.ActiveCfg = Debug|Any CPU
		{CED48D97-354D-4B3C-BCE2-E1701936795F}.Debug|Any CPU.Build.0 = Debug|Any CPU
		{CED48D97-354D-4B3C-BCE2-E1701936795F}.Release|Any CPU.ActiveCfg = Release|Any CPU
		{CED48D97-354D-4B3C-BCE2-E1701936795F}.Release|Any CPU.Build.0 = Release|Any CPU
		{C9C7BA08-C5D5-4571-8482-D8D4673A4244}.Debug|Any CPU.ActiveCfg = Debug|Any CPU
		{C9C7BA08-C5D5-4571-8482-D8D4673A4244}.Debug|Any CPU.Build.0 = Debug|Any CPU
		{C9C7BA08-C5D5-4571-8482-D8D4673A4244}.Release|Any CPU.ActiveCfg = Release|Any CPU
		{C9C7BA08-C5D5-4571-8482-D8D4673A4244}.Release|Any CPU.Build.0 = Release|Any CPU
	EndGlobalSection
	GlobalSection(SolutionProperties) = preSolution
		HideSolutionNode = FALSE
	EndGlobalSection
	GlobalSection(ExtensibilityGlobals) = postSolution
		SolutionGuid = {D342B539-E2B7-48C2-8B03-159DCD0C074C}
	EndGlobalSection
EndGlobal
